
Microsoft Visual Studio Solution File, Format Version 12.00
# Visual Studio 2012
Project("{FAE04EC0-301F-11D3-BF4B-00C04F79EFBC}") = "PhucShoes", "PhucShoes\PhucShoes.csproj", "{9240F0E6-570B-442F-816E-BDF8017DEE6F}"
EndProject
Global
	GlobalSection(SolutionConfigurationPlatforms) = preSolution
		Debug|Any CPU = Debug|Any CPU
		Release|Any CPU = Release|Any CPU
	EndGlobalSection
	GlobalSection(ProjectConfigurationPlatforms) = postSolution
		{9240F0E6-570B-442F-816E-BDF8017DEE6F}.Debug|Any CPU.ActiveCfg = Debug|Any CPU
		{9240F0E6-570B-442F-816E-BDF8017DEE6F}.Debug|Any CPU.Build.0 = Debug|Any CPU
		{9240F0E6-570B-442F-816E-BDF8017DEE6F}.Release|Any CPU.ActiveCfg = Release|Any CPU
		{9240F0E6-570B-442F-816E-BDF8017DEE6F}.Release|Any CPU.Build.0 = Release|Any CPU
	EndGlobalSection
	GlobalSection(SolutionProperties) = preSolution
		HideSolutionNode = FALSE
	EndGlobalSection
EndGlobal
